{
  "name": "miniprogram-test-1",
  "version": "1.0.0",
  "lockfileVersion": 1,
  "requires": true,
  "dependencies": {
    "js-base64": {
      "version": "2.5.1",
      "resolved": "http://10.240.20.17:7001/js-base64/download/js-base64-2.5.1.tgz",
      "integrity": "sha1-Hvo57yxfeYC7F4St5KivLeMpESE="
    },
    "lin-ui": {
      "version": "0.6.3",
      "resolved": "http://10.240.20.17:7001/lin-ui/download/lin-ui-0.6.3.tgz",
      "integrity": "sha1-pr7hBuEXDxobZWQQnqx07nXjoZc="
    }
  }
}
